Microsoft Visual Studio Solution File, Format Version 12.00
# Visual Studio 2012
Project("{FAE04EC0-301F-11D3-BF4B-00C04F79EFBC}") = "EILporI", "EILporI.csproj", "{2565071B-050F-40B1-9849-7E85E7E47F4E}"
EndProject
Global
	GlobalSection(SolutionConfigurationPlatforms) = preSolution
	Debug|Any CPU = Debug|Any CPU
	ExportDebug|Any CPU = ExportDebug|Any CPU
	ExportRelease|Any CPU = ExportRelease|Any CPU
	EndGlobalSection
	GlobalSection(ProjectConfigurationPlatforms) = postSolution
		{2565071B-050F-40B1-9849-7E85E7E47F4E}.Debug|Any CPU.ActiveCfg = Debug|Any CPU
		{2565071B-050F-40B1-9849-7E85E7E47F4E}.Debug|Any CPU.Build.0 = Debug|Any CPU
		{2565071B-050F-40B1-9849-7E85E7E47F4E}.ExportDebug|Any CPU.ActiveCfg = ExportDebug|Any CPU
		{2565071B-050F-40B1-9849-7E85E7E47F4E}.ExportDebug|Any CPU.Build.0 = ExportDebug|Any CPU
		{2565071B-050F-40B1-9849-7E85E7E47F4E}.ExportRelease|Any CPU.ActiveCfg = ExportRelease|Any CPU
		{2565071B-050F-40B1-9849-7E85E7E47F4E}.ExportRelease|Any CPU.Build.0 = ExportRelease|Any CPU
	EndGlobalSection
EndGlobal
